
Microsoft Visual Studio Solution File, Format Version 12.00
# Visual Studio Version 17
VisualStudioVersion = 17.10.35122.118
MinimumVisualStudioVersion = 10.0.40219.1
Project("{FAE04EC0-301F-11D3-BF4B-00C04F79EFBC}") = "Repeticao", "Repeticao.csproj", "{5D37ADC2-12A7-403C-A937-B1962909E03E}"
EndProject
Global
	GlobalSection(SolutionConfigurationPlatforms) = preSolution
		Debug|Any CPU = Debug|Any CPU
		Release|Any CPU = Release|Any CPU
	EndGlobalSection
	GlobalSection(ProjectConfigurationPlatforms) = postSolution
		{5D37ADC2-12A7-403C-A937-B1962909E03E}.Debug|Any CPU.ActiveCfg = Debug|Any CPU
		{5D37ADC2-12A7-403C-A937-B1962909E03E}.Debug|Any CPU.Build.0 = Debug|Any CPU
		{5D37ADC2-12A7-403C-A937-B1962909E03E}.Release|Any CPU.ActiveCfg = Release|Any CPU
		{5D37ADC2-12A7-403C-A937-B1962909E03E}.Release|Any CPU.Build.0 = Release|Any CPU
	EndGlobalSection
	GlobalSection(SolutionProperties) = preSolution
		HideSolutionNode = FALSE
	EndGlobalSection
	GlobalSection(ExtensibilityGlobals) = postSolution
		SolutionGuid = {9AC718F2-734D-4773-AEA7-2A7060466883}
	EndGlobalSection
EndGlobal
